
Microsoft Visual Studio Solution File, Format Version 12.00
# Visual Studio Version 17
VisualStudioVersion = 17.0.31903.59
MinimumVisualStudioVersion = 10.0.40219.1
Project("{2150E333-8FDC-42A3-9474-1A3956D46DE8}") = "src", "src", "{B402E5B4-8FC1-4740-88A0-230F73E4B99D}"
EndProject
Project("{2150E333-8FDC-42A3-9474-1A3956D46DE8}") = "tests", "tests", "{F04B1524-1C8A-4149-A290-34EF0E1C29EC}"
EndProject
Project("{2150E333-8FDC-42A3-9474-1A3956D46DE8}") = "docs", "docs", "{60482639-6D3B-41C6-B170-7D1C73129EDB}"
EndProject
Project("{9A19103F-16F7-4668-BE54-9A1E7A4F7556}") = "BimObject.Sdk", "src\BimObject.Sdk\BimObject.Sdk.csproj", "{730E7EF3-4F7A-4B11-8B97-884923376C1A}"
EndProject
Project("{9A19103F-16F7-4668-BE54-9A1E7A4F7556}") = "BimObject.Base", "src\BimObject.Base\BimObject.Base.csproj", "{8B877E39-3C9A-4049-BA72-4F5976D3443C}"
EndProject
Project("{9A19103F-16F7-4668-BE54-9A1E7A4F7556}") = "BimObject.Sdk.Tests", "tests\BimObject.Sdk.Tests\BimObject.Sdk.Tests.csproj", "{26473B19-998C-4EDC-AD93-669857CEACA9}"
EndProject
Project("{9A19103F-16F7-4668-BE54-9A1E7A4F7556}") = "BimObject.Base.Tests", "tests\BimObject.Base.Tests\BimObject.Base.Tests.csproj", "{EE7A8D13-1DB1-4801-8D7C-556D374C4D1B}"
EndProject
Project("{2150E333-8FDC-42A3-9474-1A3956D46DE8}") = "conf", "conf", "{2277AF5D-E060-4575-BC0A-192C05889175}"
	ProjectSection(SolutionItems) = preProject
		.editorconfig = .editorconfig
		.gitattributes = .gitattributes
		.gitignore = .gitignore
		bimobject-192x192.png = bimobject-192x192.png
		.github\workflows\build.yml = .github\workflows\build.yml
		.github\dependabot.yml = .github\dependabot.yml
		Directory.Build.Props = Directory.Build.Props
		Directory.Build.Targets = Directory.Build.Targets
	EndProjectSection
EndProject
Global
	GlobalSection(SolutionConfigurationPlatforms) = preSolution
		Debug|Any CPU = Debug|Any CPU
		Release|Any CPU = Release|Any CPU
	EndGlobalSection
	GlobalSection(ProjectConfigurationPlatforms) = postSolution
		{730E7EF3-4F7A-4B11-8B97-884923376C1A}.Debug|Any CPU.ActiveCfg = Debug|Any CPU
		{730E7EF3-4F7A-4B11-8B97-884923376C1A}.Debug|Any CPU.Build.0 = Debug|Any CPU
		{730E7EF3-4F7A-4B11-8B97-884923376C1A}.Release|Any CPU.ActiveCfg = Release|Any CPU
		{730E7EF3-4F7A-4B11-8B97-884923376C1A}.Release|Any CPU.Build.0 = Release|Any CPU
		{8B877E39-3C9A-4049-BA72-4F5976D3443C}.Debug|Any CPU.ActiveCfg = Debug|Any CPU
		{8B877E39-3C9A-4049-BA72-4F5976D3443C}.Debug|Any CPU.Build.0 = Debug|Any CPU
		{8B877E39-3C9A-4049-BA72-4F5976D3443C}.Release|Any CPU.ActiveCfg = Release|Any CPU
		{8B877E39-3C9A-4049-BA72-4F5976D3443C}.Release|Any CPU.Build.0 = Release|Any CPU
		{26473B19-998C-4EDC-AD93-669857CEACA9}.Debug|Any CPU.ActiveCfg = Debug|Any CPU
		{26473B19-998C-4EDC-AD93-669857CEACA9}.Debug|Any CPU.Build.0 = Debug|Any CPU
		{26473B19-998C-4EDC-AD93-669857CEACA9}.Release|Any CPU.ActiveCfg = Release|Any CPU
		{26473B19-998C-4EDC-AD93-669857CEACA9}.Release|Any CPU.Build.0 = Release|Any CPU
		{EE7A8D13-1DB1-4801-8D7C-556D374C4D1B}.Debug|Any CPU.ActiveCfg = Debug|Any CPU
		{EE7A8D13-1DB1-4801-8D7C-556D374C4D1B}.Debug|Any CPU.Build.0 = Debug|Any CPU
		{EE7A8D13-1DB1-4801-8D7C-556D374C4D1B}.Release|Any CPU.ActiveCfg = Release|Any CPU
		{EE7A8D13-1DB1-4801-8D7C-556D374C4D1B}.Release|Any CPU.Build.0 = Release|Any CPU
	EndGlobalSection
	GlobalSection(SolutionProperties) = preSolution
		HideSolutionNode = FALSE
	EndGlobalSection
	GlobalSection(NestedProjects) = preSolution
		{730E7EF3-4F7A-4B11-8B97-884923376C1A} = {B402E5B4-8FC1-4740-88A0-230F73E4B99D}
		{8B877E39-3C9A-4049-BA72-4F5976D3443C} = {B402E5B4-8FC1-4740-88A0-230F73E4B99D}
		{26473B19-998C-4EDC-AD93-669857CEACA9} = {F04B1524-1C8A-4149-A290-34EF0E1C29EC}
		{EE7A8D13-1DB1-4801-8D7C-556D374C4D1B} = {F04B1524-1C8A-4149-A290-34EF0E1C29EC}
	EndGlobalSection
	GlobalSection(ExtensibilityGlobals) = postSolution
		SolutionGuid = {27F167B8-B520-4660-B2F7-707257E77335}
	EndGlobalSection
EndGlobal
